# This file is automatically @generated by Cargo.
# It is not intended for manual editing.
version = 3

[[package]]
name = "anyhow"
version = "1.0.75"
source = "registry+https://github.com/rust-lang/crates.io-index"
checksum = "a4668cab20f66d8d020e1fbc0ebe47217433c1b6c8f2040faf858554e394ace6"

[[package]]
name = "arff_reader"
version = "0.1.0"
dependencies = [
 "utc-dt",
]

[[package]]
name = "utc-dt"
version = "0.2.1"
source = "registry+https://github.com/rust-lang/crates.io-index"
checksum = "512800837b25b981911f0c66e6239f83dbdab564516a8e58642c2be8f3f13c09"
dependencies = [
 "anyhow",
]
